
Microsoft Visual Studio Solution File, Format Version 11.00
# Visual Studio 2010
Project("{F2A71F9B-5D33-465A-A702-920D77279786}") = "TrackerTools", "Source\TrackerTools.fsproj", "{9DF67327-0599-4C20-935D-BA802313A541}"
EndProject
Project("{F2A71F9B-5D33-465A-A702-920D77279786}") = "TrackerTools.Tests", "Tests\TrackerTools.Tests.fsproj", "{D066BCC6-0215-46D4-A49E-D83912E2AADA}"
EndProject
Project("{FAE04EC0-301F-11D3-BF4B-00C04F79EFBC}") = "TrackerTools.Web", "Source\Web\TrackerTools.Web.csproj", "{03E5E450-6FC2-4732-9122-5FE5D13B6772}"
EndProject
Project("{F2A71F9B-5D33-465A-A702-920D77279786}") = "TrackerTools.Console", "Source\Console\TrackerTools.Console.fsproj", "{7E84A4BF-0AE9-42E0-BA3F-FAD9F45A72D5}"
EndProject
Global
	GlobalSection(SolutionConfigurationPlatforms) = preSolution
		Debug|Any CPU = Debug|Any CPU
		Release|Any CPU = Release|Any CPU
	EndGlobalSection
	GlobalSection(ProjectConfigurationPlatforms) = postSolution
		{9DF67327-0599-4C20-935D-BA802313A541}.Debug|Any CPU.ActiveCfg = Debug|Any CPU
		{9DF67327-0599-4C20-935D-BA802313A541}.Debug|Any CPU.Build.0 = Debug|Any CPU
		{9DF67327-0599-4C20-935D-BA802313A541}.Release|Any CPU.ActiveCfg = Release|Any CPU
		{9DF67327-0599-4C20-935D-BA802313A541}.Release|Any CPU.Build.0 = Release|Any CPU
		{D066BCC6-0215-46D4-A49E-D83912E2AADA}.Debug|Any CPU.ActiveCfg = Debug|Any CPU
		{D066BCC6-0215-46D4-A49E-D83912E2AADA}.Debug|Any CPU.Build.0 = Debug|Any CPU
		{D066BCC6-0215-46D4-A49E-D83912E2AADA}.Release|Any CPU.ActiveCfg = Release|Any CPU
		{D066BCC6-0215-46D4-A49E-D83912E2AADA}.Release|Any CPU.Build.0 = Release|Any CPU
		{03E5E450-6FC2-4732-9122-5FE5D13B6772}.Debug|Any CPU.ActiveCfg = Debug|Any CPU
		{03E5E450-6FC2-4732-9122-5FE5D13B6772}.Debug|Any CPU.Build.0 = Debug|Any CPU
		{03E5E450-6FC2-4732-9122-5FE5D13B6772}.Release|Any CPU.ActiveCfg = Release|Any CPU
		{03E5E450-6FC2-4732-9122-5FE5D13B6772}.Release|Any CPU.Build.0 = Release|Any CPU
		{7E84A4BF-0AE9-42E0-BA3F-FAD9F45A72D5}.Debug|Any CPU.ActiveCfg = Debug|Any CPU
		{7E84A4BF-0AE9-42E0-BA3F-FAD9F45A72D5}.Debug|Any CPU.Build.0 = Debug|Any CPU
		{7E84A4BF-0AE9-42E0-BA3F-FAD9F45A72D5}.Release|Any CPU.ActiveCfg = Release|Any CPU
		{7E84A4BF-0AE9-42E0-BA3F-FAD9F45A72D5}.Release|Any CPU.Build.0 = Release|Any CPU
	EndGlobalSection
	GlobalSection(SolutionProperties) = preSolution
		HideSolutionNode = FALSE
	EndGlobalSection
EndGlobal
